
Microsoft Visual Studio Solution File, Format Version 12.00
# Visual Studio Version 16
VisualStudioVersion = 16.0.31729.503
MinimumVisualStudioVersion = 10.0.40219.1
Project("{9A19103F-16F7-4668-BE54-9A1E7A4F7556}") = "ManageCourseAPI", "ManageCourseAPI\ManageCourseAPI.csproj", "{3CC90673-938B-4F67-AA8E-906EFA897B62}"
EndProject
Project("{9A19103F-16F7-4668-BE54-9A1E7A4F7556}") = "ManageCourse.Core", "ManageCourse.Core\ManageCourse.Core.csproj", "{E8007BB6-639C-4FC7-A582-F6CE00147F3A}"
EndProject
Project("{9A19103F-16F7-4668-BE54-9A1E7A4F7556}") = "ManageCourse.Migrations", "ManageCourse.Migration\ManageCourse.Migrations.csproj", "{D4514BDD-1745-4789-8536-E32B72078449}"
EndProject
Global
	GlobalSection(SolutionConfigurationPlatforms) = preSolution
		Debug|Any CPU = Debug|Any CPU
		Release|Any CPU = Release|Any CPU
	EndGlobalSection
	GlobalSection(ProjectConfigurationPlatforms) = postSolution
		{3CC90673-938B-4F67-AA8E-906EFA897B62}.Debug|Any CPU.ActiveCfg = Debug|Any CPU
		{3CC90673-938B-4F67-AA8E-906EFA897B62}.Debug|Any CPU.Build.0 = Debug|Any CPU
		{3CC90673-938B-4F67-AA8E-906EFA897B62}.Release|Any CPU.ActiveCfg = Release|Any CPU
		{3CC90673-938B-4F67-AA8E-906EFA897B62}.Release|Any CPU.Build.0 = Release|Any CPU
		{E8007BB6-639C-4FC7-A582-F6CE00147F3A}.Debug|Any CPU.ActiveCfg = Debug|Any CPU
		{E8007BB6-639C-4FC7-A582-F6CE00147F3A}.Debug|Any CPU.Build.0 = Debug|Any CPU
		{E8007BB6-639C-4FC7-A582-F6CE00147F3A}.Release|Any CPU.ActiveCfg = Release|Any CPU
		{E8007BB6-639C-4FC7-A582-F6CE00147F3A}.Release|Any CPU.Build.0 = Release|Any CPU
		{D4514BDD-1745-4789-8536-E32B72078449}.Debug|Any CPU.ActiveCfg = Debug|Any CPU
		{D4514BDD-1745-4789-8536-E32B72078449}.Debug|Any CPU.Build.0 = Debug|Any CPU
		{D4514BDD-1745-4789-8536-E32B72078449}.Release|Any CPU.ActiveCfg = Release|Any CPU
		{D4514BDD-1745-4789-8536-E32B72078449}.Release|Any CPU.Build.0 = Release|Any CPU
	EndGlobalSection
	GlobalSection(SolutionProperties) = preSolution
		HideSolutionNode = FALSE
	EndGlobalSection
	GlobalSection(ExtensibilityGlobals) = postSolution
		SolutionGuid = {78C457EA-FE66-4BC6-9A3C-E6B53DF0ECB9}
	EndGlobalSection
EndGlobal
